{
  "requires": true,
  "lockfileVersion": 1,
  "dependencies": {
    "path-parse": {
      "version": "1.0.6",
      "resolved": "https://registry.npmjs.org/path-parse/-/path-parse-1.0.6.tgz",
      "integrity": "sha512-GSmOT2EbHrINBf9SR7CDELwlJ8AENk3Qn7OikK4nFYAu3Ote2+JYNVvkpAEQm3/TLNEJFD/xZJjzyxg3KBWOzw==",
      "dev": true
    },
    "resolve": {
      "version": "1.12.0",
      "resolved": "https://registry.npmjs.org/resolve/-/resolve-1.12.0.tgz",
      "integrity": "sha512-B/dOmuoAik5bKcD6s6nXDCjzUKnaDvdkRyAk6rsmsKLipWj4797iothd7jmmUhWTfinVMU+wc56rYKsit2Qy4w==",
      "dev": true,
      "requires": {
        "path-parse": "^1.0.6"
      }
    },
    "ts-transformer-keys": {
      "version": "0.3.5",
      "resolved": "https://registry.npmjs.org/ts-transformer-keys/-/ts-transformer-keys-0.3.5.tgz",
      "integrity": "sha512-5NYR//bSkMjeO6P72Nn754MW8ELHx7fIueQ7W8F52ErPb7iCDMU/tBiXHpNsUCDOLFKNca3DSgyq4CX+BxANug==",
      "dev": true
    },
    "ttypescript": {
      "version": "1.5.7",
      "resolved": "https://registry.npmjs.org/ttypescript/-/ttypescript-1.5.7.tgz",
      "integrity": "sha512-qloW8S60+xWVC2bQWldYQfESNFkIgDL5/M+vAOOsuLJ1pQu0SG2vQx5DNJO2nlwSrHxD8cDuF2sVDXg6v3GG3Q==",
      "dev": true,
      "requires": {
        "resolve": "^1.9.0"
      }
    }
  }
}
